
Microsoft Visual Studio Solution File, Format Version 12.00
# Visual Studio 15
VisualStudioVersion = 15.0.26730.16
MinimumVisualStudioVersion = 10.0.40219.1
Project("{FAE04EC0-301F-11D3-BF4B-00C04F79EFBC}") = "csharp", "csharp.csproj", "{176C0214-9136-4079-8DAB-11D7420C3881}"
EndProject
Project("{FAE04EC0-301F-11D3-BF4B-00C04F79EFBC}") = "GildedRose.Tests", "..\GildedRose.Tests\GildedRose.Tests.csproj", "{E125BE0F-F78E-4BCC-97BA-94DC7E69F78C}"
EndProject
Global
	GlobalSection(SolutionConfigurationPlatforms) = preSolution
		Debug|Any CPU = Debug|Any CPU
		Release|Any CPU = Release|Any CPU
	EndGlobalSection
	GlobalSection(ProjectConfigurationPlatforms) = postSolution
		{176C0214-9136-4079-8DAB-11D7420C3881}.Debug|Any CPU.ActiveCfg = Debug|Any CPU
		{176C0214-9136-4079-8DAB-11D7420C3881}.Debug|Any CPU.Build.0 = Debug|Any CPU
		{176C0214-9136-4079-8DAB-11D7420C3881}.Release|Any CPU.ActiveCfg = Release|Any CPU
		{176C0214-9136-4079-8DAB-11D7420C3881}.Release|Any CPU.Build.0 = Release|Any CPU
		{E125BE0F-F78E-4BCC-97BA-94DC7E69F78C}.Debug|Any CPU.ActiveCfg = Debug|Any CPU
		{E125BE0F-F78E-4BCC-97BA-94DC7E69F78C}.Debug|Any CPU.Build.0 = Debug|Any CPU
		{E125BE0F-F78E-4BCC-97BA-94DC7E69F78C}.Release|Any CPU.ActiveCfg = Release|Any CPU
		{E125BE0F-F78E-4BCC-97BA-94DC7E69F78C}.Release|Any CPU.Build.0 = Release|Any CPU
	EndGlobalSection
	GlobalSection(SolutionProperties) = preSolution
		HideSolutionNode = FALSE
	EndGlobalSection
	GlobalSection(ExtensibilityGlobals) = postSolution
		SolutionGuid = {8BCEDF14-0271-4830-BDEE-FFB74B9693C9}
	EndGlobalSection
EndGlobal
